
Microsoft Visual Studio Solution File, Format Version 12.00
# Visual Studio Version 17
VisualStudioVersion = 17.2.32630.192
MinimumVisualStudioVersion = 10.0.40219.1
Project("{FAE04EC0-301F-11D3-BF4B-00C04F79EFBC}") = "WinStarDate.UWP", "WinStarDate\WinStarDate.UWP\WinStarDate.UWP.csproj", "{F95E97F1-7A23-45EF-8561-85C84D9AEF63}"
EndProject
Project("{FAE04EC0-301F-11D3-BF4B-00C04F79EFBC}") = "WinStarDate.Android", "WinStarDate\WinStarDate.Android\WinStarDate.Android.csproj", "{BDB71B5C-DDF6-48AA-A892-782965ACBF9F}"
EndProject
Project("{FAE04EC0-301F-11D3-BF4B-00C04F79EFBC}") = "WinStarDate.iOS", "WinStarDate\WinStarDate.iOS\WinStarDate.iOS.csproj", "{FA3D0D7B-2FBF-444D-A17A-121659176F1E}"
EndProject
Project("{FAE04EC0-301F-11D3-BF4B-00C04F79EFBC}") = "WinStarDate", "WinStarDate\WinStarDate\WinStarDate.csproj", "{3259C191-249B-41F7-AEF0-1E177CC882CF}"
EndProject
Global
	GlobalSection(SolutionConfigurationPlatforms) = preSolution
		Debug|Any CPU = Debug|Any CPU
		Debug|ARM = Debug|ARM
		Debug|iPhone = Debug|iPhone
		Debug|iPhoneSimulator = Debug|iPhoneSimulator
		Debug|x64 = Debug|x64
		Debug|x86 = Debug|x86
		Release|Any CPU = Release|Any CPU
		Release|ARM = Release|ARM
		Release|iPhone = Release|iPhone
		Release|iPhoneSimulator = Release|iPhoneSimulator
		Release|x64 = Release|x64
		Release|x86 = Release|x86
	EndGlobalSection
	GlobalSection(ProjectConfigurationPlatforms) = postSolution
		{F95E97F1-7A23-45EF-8561-85C84D9AEF63}.Debug|Any CPU.ActiveCfg = Debug|x64
		{F95E97F1-7A23-45EF-8561-85C84D9AEF63}.Debug|Any CPU.Build.0 = Debug|x64
		{F95E97F1-7A23-45EF-8561-85C84D9AEF63}.Debug|Any CPU.Deploy.0 = Debug|x64
		{F95E97F1-7A23-45EF-8561-85C84D9AEF63}.Debug|ARM.ActiveCfg = Debug|ARM
		{F95E97F1-7A23-45EF-8561-85C84D9AEF63}.Debug|ARM.Build.0 = Debug|ARM
		{F95E97F1-7A23-45EF-8561-85C84D9AEF63}.Debug|ARM.Deploy.0 = Debug|ARM
		{F95E97F1-7A23-45EF-8561-85C84D9AEF63}.Debug|iPhone.ActiveCfg = Debug|x64
		{F95E97F1-7A23-45EF-8561-85C84D9AEF63}.Debug|iPhone.Build.0 = Debug|x64
		{F95E97F1-7A23-45EF-8561-85C84D9AEF63}.Debug|iPhone.Deploy.0 = Debug|x64
		{F95E97F1-7A23-45EF-8561-85C84D9AEF63}.Debug|iPhoneSimulator.ActiveCfg = Debug|x64
		{F95E97F1-7A23-45EF-8561-85C84D9AEF63}.Debug|iPhoneSimulator.Build.0 = Debug|x64
		{F95E97F1-7A23-45EF-8561-85C84D9AEF63}.Debug|iPhoneSimulator.Deploy.0 = Debug|x64
		{F95E97F1-7A23-45EF-8561-85C84D9AEF63}.Debug|x64.ActiveCfg = Debug|x64
		{F95E97F1-7A23-45EF-8561-85C84D9AEF63}.Debug|x64.Build.0 = Debug|x64
		{F95E97F1-7A23-45EF-8561-85C84D9AEF63}.Debug|x64.Deploy.0 = Debug|x64
		{F95E97F1-7A23-45EF-8561-85C84D9AEF63}.Debug|x86.ActiveCfg = Debug|x86
		{F95E97F1-7A23-45EF-8561-85C84D9AEF63}.Debug|x86.Build.0 = Debug|x86
		{F95E97F1-7A23-45EF-8561-85C84D9AEF63}.Debug|x86.Deploy.0 = Debug|x86
		{F95E97F1-7A23-45EF-8561-85C84D9AEF63}.Release|Any CPU.ActiveCfg = Release|x64
		{F95E97F1-7A23-45EF-8561-85C84D9AEF63}.Release|Any CPU.Build.0 = Release|x64
		{F95E97F1-7A23-45EF-8561-85C84D9AEF63}.Release|Any CPU.Deploy.0 = Release|x64
		{F95E97F1-7A23-45EF-8561-85C84D9AEF63}.Release|ARM.ActiveCfg = Release|ARM
		{F95E97F1-7A23-45EF-8561-85C84D9AEF63}.Release|ARM.Build.0 = Release|ARM
		{F95E97F1-7A23-45EF-8561-85C84D9AEF63}.Release|ARM.Deploy.0 = Release|ARM
		{F95E97F1-7A23-45EF-8561-85C84D9AEF63}.Release|iPhone.ActiveCfg = Release|x64
		{F95E97F1-7A23-45EF-8561-85C84D9AEF63}.Release|iPhone.Build.0 = Release|x64
		{F95E97F1-7A23-45EF-8561-85C84D9AEF63}.Release|iPhone.Deploy.0 = Release|x64
		{F95E97F1-7A23-45EF-8561-85C84D9AEF63}.Release|iPhoneSimulator.ActiveCfg = Release|x64
		{F95E97F1-7A23-45EF-8561-85C84D9AEF63}.Release|iPhoneSimulator.Build.0 = Release|x64
		{F95E97F1-7A23-45EF-8561-85C84D9AEF63}.Release|iPhoneSimulator.Deploy.0 = Release|x64
		{F95E97F1-7A23-45EF-8561-85C84D9AEF63}.Release|x64.ActiveCfg = Release|x64
		{F95E97F1-7A23-45EF-8561-85C84D9AEF63}.Release|x64.Build.0 = Release|x64
		{F95E97F1-7A23-45EF-8561-85C84D9AEF63}.Release|x64.Deploy.0 = Release|x64
		{F95E97F1-7A23-45EF-8561-85C84D9AEF63}.Release|x86.ActiveCfg = Release|x86
		{F95E97F1-7A23-45EF-8561-85C84D9AEF63}.Release|x86.Build.0 = Release|x86
		{F95E97F1-7A23-45EF-8561-85C84D9AEF63}.Release|x86.Deploy.0 = Release|x86
		{BDB71B5C-DDF6-48AA-A892-782965ACBF9F}.Debug|Any CPU.ActiveCfg = Debug|Any CPU
		{BDB71B5C-DDF6-48AA-A892-782965ACBF9F}.Debug|Any CPU.Build.0 = Debug|Any CPU
		{BDB71B5C-DDF6-48AA-A892-782965ACBF9F}.Debug|Any CPU.Deploy.0 = Debug|Any CPU
		{BDB71B5C-DDF6-48AA-A892-782965ACBF9F}.Debug|ARM.ActiveCfg = Debug|Any CPU
		{BDB71B5C-DDF6-48AA-A892-782965ACBF9F}.Debug|ARM.Build.0 = Debug|Any CPU
		{BDB71B5C-DDF6-48AA-A892-782965ACBF9F}.Debug|ARM.Deploy.0 = Debug|Any CPU
		{BDB71B5C-DDF6-48AA-A892-782965ACBF9F}.Debug|iPhone.ActiveCfg = Debug|Any CPU
		{BDB71B5C-DDF6-48AA-A892-782965ACBF9F}.Debug|iPhone.Build.0 = Debug|Any CPU
		{BDB71B5C-DDF6-48AA-A892-782965ACBF9F}.Debug|iPhone.Deploy.0 = Debug|Any CPU
		{BDB71B5C-DDF6-48AA-A892-782965ACBF9F}.Debug|iPhoneSimulator.ActiveCfg = Debug|Any CPU
		{BDB71B5C-DDF6-48AA-A892-782965ACBF9F}.Debug|iPhoneSimulator.Build.0 = Debug|Any CPU
		{BDB71B5C-DDF6-48AA-A892-782965ACBF9F}.Debug|iPhoneSimulator.Deploy.0 = Debug|Any CPU
		{BDB71B5C-DDF6-48AA-A892-782965ACBF9F}.Debug|x64.ActiveCfg = Debug|Any CPU
		{BDB71B5C-DDF6-48AA-A892-782965ACBF9F}.Debug|x64.Build.0 = Debug|Any CPU
		{BDB71B5C-DDF6-48AA-A892-782965ACBF9F}.Debug|x64.Deploy.0 = Debug|Any CPU
		{BDB71B5C-DDF6-48AA-A892-782965ACBF9F}.Debug|x86.ActiveCfg = Debug|Any CPU
		{BDB71B5C-DDF6-48AA-A892-782965ACBF9F}.Debug|x86.Build.0 = Debug|Any CPU
		{BDB71B5C-DDF6-48AA-A892-782965ACBF9F}.Debug|x86.Deploy.0 = Debug|Any CPU
		{BDB71B5C-DDF6-48AA-A892-782965ACBF9F}.Release|Any CPU.ActiveCfg = Release|Any CPU
		{BDB71B5C-DDF6-48AA-A892-782965ACBF9F}.Release|Any CPU.Build.0 = Release|Any CPU
		{BDB71B5C-DDF6-48AA-A892-782965ACBF9F}.Release|Any CPU.Deploy.0 = Release|Any CPU
		{BDB71B5C-DDF6-48AA-A892-782965ACBF9F}.Release|ARM.ActiveCfg = Release|Any CPU
		{BDB71B5C-DDF6-48AA-A892-782965ACBF9F}.Release|ARM.Build.0 = Release|Any CPU
		{BDB71B5C-DDF6-48AA-A892-782965ACBF9F}.Release|ARM.Deploy.0 = Release|Any CPU
		{BDB71B5C-DDF6-48AA-A892-782965ACBF9F}.Release|iPhone.ActiveCfg = Release|Any CPU
		{BDB71B5C-DDF6-48AA-A892-782965ACBF9F}.Release|iPhone.Build.0 = Release|Any CPU
		{BDB71B5C-DDF6-48AA-A892-782965ACBF9F}.Release|iPhone.Deploy.0 = Release|Any CPU
		{BDB71B5C-DDF6-48AA-A892-782965ACBF9F}.Release|iPhoneSimulator.ActiveCfg = Release|Any CPU
		{BDB71B5C-DDF6-48AA-A892-782965ACBF9F}.Release|iPhoneSimulator.Build.0 = Release|Any CPU
		{BDB71B5C-DDF6-48AA-A892-782965ACBF9F}.Release|iPhoneSimulator.Deploy.0 = Release|Any CPU
		{BDB71B5C-DDF6-48AA-A892-782965ACBF9F}.Release|x64.ActiveCfg = Release|Any CPU
		{BDB71B5C-DDF6-48AA-A892-782965ACBF9F}.Release|x64.Build.0 = Release|Any CPU
		{BDB71B5C-DDF6-48AA-A892-782965ACBF9F}.Release|x64.Deploy.0 = Release|Any CPU
		{BDB71B5C-DDF6-48AA-A892-782965ACBF9F}.Release|x86.ActiveCfg = Release|Any CPU
		{BDB71B5C-DDF6-48AA-A892-782965ACBF9F}.Release|x86.Build.0 = Release|Any CPU
		{BDB71B5C-DDF6-48AA-A892-782965ACBF9F}.Release|x86.Deploy.0 = Release|Any CPU
		{FA3D0D7B-2FBF-444D-A17A-121659176F1E}.Debug|Any CPU.ActiveCfg = Debug|iPhoneSimulator
		{FA3D0D7B-2FBF-444D-A17A-121659176F1E}.Debug|Any CPU.Build.0 = Debug|iPhoneSimulator
		{FA3D0D7B-2FBF-444D-A17A-121659176F1E}.Debug|Any CPU.Deploy.0 = Debug|iPhoneSimulator
		{FA3D0D7B-2FBF-444D-A17A-121659176F1E}.Debug|ARM.ActiveCfg = Debug|iPhoneSimulator
		{FA3D0D7B-2FBF-444D-A17A-121659176F1E}.Debug|ARM.Build.0 = Debug|iPhoneSimulator
		{FA3D0D7B-2FBF-444D-A17A-121659176F1E}.Debug|ARM.Deploy.0 = Debug|iPhoneSimulator
		{FA3D0D7B-2FBF-444D-A17A-121659176F1E}.Debug|iPhone.ActiveCfg = Debug|iPhone
		{FA3D0D7B-2FBF-444D-A17A-121659176F1E}.Debug|iPhone.Build.0 = Debug|iPhone
		{FA3D0D7B-2FBF-444D-A17A-121659176F1E}.Debug|iPhone.Deploy.0 = Debug|iPhone
		{FA3D0D7B-2FBF-444D-A17A-121659176F1E}.Debug|iPhoneSimulator.ActiveCfg = Debug|iPhoneSimulator
		{FA3D0D7B-2FBF-444D-A17A-121659176F1E}.Debug|iPhoneSimulator.Build.0 = Debug|iPhoneSimulator
		{FA3D0D7B-2FBF-444D-A17A-121659176F1E}.Debug|iPhoneSimulator.Deploy.0 = Debug|iPhoneSimulator
		{FA3D0D7B-2FBF-444D-A17A-121659176F1E}.Debug|x64.ActiveCfg = Debug|iPhone
		{FA3D0D7B-2FBF-444D-A17A-121659176F1E}.Debug|x64.Build.0 = Debug|iPhone
		{FA3D0D7B-2FBF-444D-A17A-121659176F1E}.Debug|x64.Deploy.0 = Debug|iPhone
		{FA3D0D7B-2FBF-444D-A17A-121659176F1E}.Debug|x86.ActiveCfg = Debug|iPhoneSimulator
		{FA3D0D7B-2FBF-444D-A17A-121659176F1E}.Debug|x86.Build.0 = Debug|iPhoneSimulator
		{FA3D0D7B-2FBF-444D-A17A-121659176F1E}.Debug|x86.Deploy.0 = Debug|iPhoneSimulator
		{FA3D0D7B-2FBF-444D-A17A-121659176F1E}.Release|Any CPU.ActiveCfg = Release|iPhoneSimulator
		{FA3D0D7B-2FBF-444D-A17A-121659176F1E}.Release|Any CPU.Build.0 = Release|iPhoneSimulator
		{FA3D0D7B-2FBF-444D-A17A-121659176F1E}.Release|Any CPU.Deploy.0 = Release|iPhoneSimulator
		{FA3D0D7B-2FBF-444D-A17A-121659176F1E}.Release|ARM.ActiveCfg = Release|iPhoneSimulator
		{FA3D0D7B-2FBF-444D-A17A-121659176F1E}.Release|ARM.Build.0 = Release|iPhoneSimulator
		{FA3D0D7B-2FBF-444D-A17A-121659176F1E}.Release|ARM.Deploy.0 = Release|iPhoneSimulator
		{FA3D0D7B-2FBF-444D-A17A-121659176F1E}.Release|iPhone.ActiveCfg = Release|iPhone
		{FA3D0D7B-2FBF-444D-A17A-121659176F1E}.Release|iPhone.Build.0 = Release|iPhone
		{FA3D0D7B-2FBF-444D-A17A-121659176F1E}.Release|iPhone.Deploy.0 = Release|iPhone
		{FA3D0D7B-2FBF-444D-A17A-121659176F1E}.Release|iPhoneSimulator.ActiveCfg = Release|iPhoneSimulator
		{FA3D0D7B-2FBF-444D-A17A-121659176F1E}.Release|iPhoneSimulator.Build.0 = Release|iPhoneSimulator
		{FA3D0D7B-2FBF-444D-A17A-121659176F1E}.Release|iPhoneSimulator.Deploy.0 = Release|iPhoneSimulator
		{FA3D0D7B-2FBF-444D-A17A-121659176F1E}.Release|x64.ActiveCfg = Release|iPhoneSimulator
		{FA3D0D7B-2FBF-444D-A17A-121659176F1E}.Release|x64.Build.0 = Release|iPhoneSimulator
		{FA3D0D7B-2FBF-444D-A17A-121659176F1E}.Release|x64.Deploy.0 = Release|iPhoneSimulator
		{FA3D0D7B-2FBF-444D-A17A-121659176F1E}.Release|x86.ActiveCfg = Release|iPhoneSimulator
		{FA3D0D7B-2FBF-444D-A17A-121659176F1E}.Release|x86.Build.0 = Release|iPhoneSimulator
		{FA3D0D7B-2FBF-444D-A17A-121659176F1E}.Release|x86.Deploy.0 = Release|iPhoneSimulator
		{3259C191-249B-41F7-AEF0-1E177CC882CF}.Debug|Any CPU.ActiveCfg = Debug|Any CPU
		{3259C191-249B-41F7-AEF0-1E177CC882CF}.Debug|Any CPU.Build.0 = Debug|Any CPU
		{3259C191-249B-41F7-AEF0-1E177CC882CF}.Debug|Any CPU.Deploy.0 = Debug|Any CPU
		{3259C191-249B-41F7-AEF0-1E177CC882CF}.Debug|ARM.ActiveCfg = Debug|Any CPU
		{3259C191-249B-41F7-AEF0-1E177CC882CF}.Debug|ARM.Build.0 = Debug|Any CPU
		{3259C191-249B-41F7-AEF0-1E177CC882CF}.Debug|ARM.Deploy.0 = Debug|Any CPU
		{3259C191-249B-41F7-AEF0-1E177CC882CF}.Debug|iPhone.ActiveCfg = Debug|Any CPU
		{3259C191-249B-41F7-AEF0-1E177CC882CF}.Debug|iPhone.Build.0 = Debug|Any CPU
		{3259C191-249B-41F7-AEF0-1E177CC882CF}.Debug|iPhone.Deploy.0 = Debug|Any CPU
		{3259C191-249B-41F7-AEF0-1E177CC882CF}.Debug|iPhoneSimulator.ActiveCfg = Debug|Any CPU
		{3259C191-249B-41F7-AEF0-1E177CC882CF}.Debug|iPhoneSimulator.Build.0 = Debug|Any CPU
		{3259C191-249B-41F7-AEF0-1E177CC882CF}.Debug|iPhoneSimulator.Deploy.0 = Debug|Any CPU
		{3259C191-249B-41F7-AEF0-1E177CC882CF}.Debug|x64.ActiveCfg = Debug|Any CPU
		{3259C191-249B-41F7-AEF0-1E177CC882CF}.Debug|x64.Build.0 = Debug|Any CPU
		{3259C191-249B-41F7-AEF0-1E177CC882CF}.Debug|x64.Deploy.0 = Debug|Any CPU
		{3259C191-249B-41F7-AEF0-1E177CC882CF}.Debug|x86.ActiveCfg = Debug|Any CPU
		{3259C191-249B-41F7-AEF0-1E177CC882CF}.Debug|x86.Build.0 = Debug|Any CPU
		{3259C191-249B-41F7-AEF0-1E177CC882CF}.Debug|x86.Deploy.0 = Debug|Any CPU
		{3259C191-249B-41F7-AEF0-1E177CC882CF}.Release|Any CPU.ActiveCfg = Release|Any CPU
		{3259C191-249B-41F7-AEF0-1E177CC882CF}.Release|Any CPU.Build.0 = Release|Any CPU
		{3259C191-249B-41F7-AEF0-1E177CC882CF}.Release|Any CPU.Deploy.0 = Release|Any CPU
		{3259C191-249B-41F7-AEF0-1E177CC882CF}.Release|ARM.ActiveCfg = Release|Any CPU
		{3259C191-249B-41F7-AEF0-1E177CC882CF}.Release|ARM.Build.0 = Release|Any CPU
		{3259C191-249B-41F7-AEF0-1E177CC882CF}.Release|ARM.Deploy.0 = Release|Any CPU
		{3259C191-249B-41F7-AEF0-1E177CC882CF}.Release|iPhone.ActiveCfg = Release|Any CPU
		{3259C191-249B-41F7-AEF0-1E177CC882CF}.Release|iPhone.Build.0 = Release|Any CPU
		{3259C191-249B-41F7-AEF0-1E177CC882CF}.Release|iPhone.Deploy.0 = Release|Any CPU
		{3259C191-249B-41F7-AEF0-1E177CC882CF}.Release|iPhoneSimulator.ActiveCfg = Release|Any CPU
		{3259C191-249B-41F7-AEF0-1E177CC882CF}.Release|iPhoneSimulator.Build.0 = Release|Any CPU
		{3259C191-249B-41F7-AEF0-1E177CC882CF}.Release|iPhoneSimulator.Deploy.0 = Release|Any CPU
		{3259C191-249B-41F7-AEF0-1E177CC882CF}.Release|x64.ActiveCfg = Release|Any CPU
		{3259C191-249B-41F7-AEF0-1E177CC882CF}.Release|x64.Build.0 = Release|Any CPU
		{3259C191-249B-41F7-AEF0-1E177CC882CF}.Release|x64.Deploy.0 = Release|Any CPU
		{3259C191-249B-41F7-AEF0-1E177CC882CF}.Release|x86.ActiveCfg = Release|Any CPU
		{3259C191-249B-41F7-AEF0-1E177CC882CF}.Release|x86.Build.0 = Release|Any CPU
		{3259C191-249B-41F7-AEF0-1E177CC882CF}.Release|x86.Deploy.0 = Release|Any CPU
	EndGlobalSection
	GlobalSection(SolutionProperties) = preSolution
		HideSolutionNode = FALSE
	EndGlobalSection
	GlobalSection(ExtensibilityGlobals) = postSolution
		SolutionGuid = {C1E5A5BF-76B7-48AF-9609-FD4F20B9CE26}
	EndGlobalSection
EndGlobal
